// !$*UTF8*$!
{
	archiveVersion = 1;
	classes = {
	};
	objectVersion = 46;
	objects = {

/* Begin PBXBuildFile section */
		8B40662117014E080036EA64 /* TGConfiguration.m in Sources */ = {isa = PBXBuildFile; fileRef = 8B40662017014E080036EA64 /* TGConfiguration.m */; };
		8B406629170151500036EA64 /* TGisClient.m in Sources */ = {isa = PBXBuildFile; fileRef = 8B406628170151500036EA64 /* TGisClient.m */; };
		8B40662D1701648F0036EA64 /* TGGeoObject.m in Sources */ = {isa = PBXBuildFile; fileRef = 8B40662C1701648F0036EA64 /* TGGeoObject.m */; };
		8B4066301701668A0036EA64 /* TGGeoObjectHouse.m in Sources */ = {isa = PBXBuildFile; fileRef = 8B40662F1701668A0036EA64 /* TGGeoObjectHouse.m */; };
		8B406633170167F40036EA64 /* TGRubric.m in Sources */ = {isa = PBXBuildFile; fileRef = 8B406632170167F40036EA64 /* TGRubric.m */; };
		8B4066361701683A0036EA64 /* TGRubricCount.m in Sources */ = {isa = PBXBuildFile; fileRef = 8B4066351701683A0036EA64 /* TGRubricCount.m */; };
		8B406639170168D70036EA64 /* TGGeoObjectStreet.m in Sources */ = {isa = PBXBuildFile; fileRef = 8B406638170168D60036EA64 /* TGGeoObjectStreet.m */; };
		8B40663C170169250036EA64 /* TGGeoObjectLivingArea.m in Sources */ = {isa = PBXBuildFile; fileRef = 8B40663B170169240036EA64 /* TGGeoObjectLivingArea.m */; };
		8B40663F170169570036EA64 /* TGGeoObjectSettlement.m in Sources */ = {isa = PBXBuildFile; fileRef = 8B40663E170169560036EA64 /* TGGeoObjectSettlement.m */; };
		8B40664217016A0C0036EA64 /* TGGeoObjectStation.m in Sources */ = {isa = PBXBuildFile; fileRef = 8B40664117016A0B0036EA64 /* TGGeoObjectStation.m */; };
		8B40664517016A800036EA64 /* TGGeoObjectSight.m in Sources */ = {isa = PBXBuildFile; fileRef = 8B40664417016A7F0036EA64 /* TGGeoObjectSight.m */; };
		8BDC269116FB14BC0008EEBB /* UIKit.framework in Frameworks */ = {isa = PBXBuildFile; fileRef = 8BDC269016FB14BC0008EEBB /* UIKit.framework */; };
		8BDC269316FB14BC0008EEBB /* Foundation.framework in Frameworks */ = {isa = PBXBuildFile; fileRef = 8BDC269216FB14BC0008EEBB /* Foundation.framework */; };
		8BDC269516FB14BC0008EEBB /* CoreGraphics.framework in Frameworks */ = {isa = PBXBuildFile; fileRef = 8BDC269416FB14BC0008EEBB /* CoreGraphics.framework */; };
		8BDC269B16FB14BC0008EEBB /* InfoPlist.strings in Resources */ = {isa = PBXBuildFile; fileRef = 8BDC269916FB14BC0008EEBB /* InfoPlist.strings */; };
		8BDC269D16FB14BC0008EEBB /* main.m in Sources */ = {isa = PBXBuildFile; fileRef = 8BDC269C16FB14BC0008EEBB /* main.m */; };
		8BDC26A316FB14BC0008EEBB /* Default.png in Resources */ = {isa = PBXBuildFile; fileRef = 8BDC26A216FB14BC0008EEBB /* Default.png */; };
		8BDC26A516FB14BC0008EEBB /* Default@2x.png in Resources */ = {isa = PBXBuildFile; fileRef = 8BDC26A416FB14BC0008EEBB /* Default@2x.png */; };
		8BDC26A716FB14BC0008EEBB /* Default-568h@2x.png in Resources */ = {isa = PBXBuildFile; fileRef = 8BDC26A616FB14BC0008EEBB /* Default-568h@2x.png */; };
		8BDC26AD16FB14BC0008EEBB /* TGViewController.m in Sources */ = {isa = PBXBuildFile; fileRef = 8BDC26AC16FB14BC0008EEBB /* TGViewController.m */; };
		8BDC26B716FB188C0008EEBB /* MainStoryboard.storyboard in Resources */ = {isa = PBXBuildFile; fileRef = 8BDC26B416FB188C0008EEBB /* MainStoryboard.storyboard */; };
		8BDC26B816FB188C0008EEBB /* TGAppDelegate.m in Sources */ = {isa = PBXBuildFile; fileRef = 8BDC26B616FB188C0008EEBB /* TGAppDelegate.m */; };
		A4108721170A93160052EB8F /* TGDetailViewController.m in Sources */ = {isa = PBXBuildFile; fileRef = A4108720170A93160052EB8F /* TGDetailViewController.m */; };
		A4E0E4BD17040B9D00389FCB /* TGRequestParams.m in Sources */ = {isa = PBXBuildFile; fileRef = A4E0E4BC17040B9D00389FCB /* TGRequestParams.m */; };
		A4E0E4C01704100F00389FCB /* TGError.m in Sources */ = {isa = PBXBuildFile; fileRef = A4E0E4BF1704100F00389FCB /* TGError.m */; };
		A4E0E4C917094F8800389FCB /* TGDetectCity.m in Sources */ = {isa = PBXBuildFile; fileRef = A4E0E4C517094F8800389FCB /* TGDetectCity.m */; };
		A4E0E4CA17094F8800389FCB /* TGLocationDetector.m in Sources */ = {isa = PBXBuildFile; fileRef = A4E0E4C717094F8800389FCB /* TGLocationDetector.m */; };
		A4E0E4CB17094F8800389FCB /* cities.plist in Resources */ = {isa = PBXBuildFile; fileRef = A4E0E4C817094F8800389FCB /* cities.plist */; };
		A4E0E4CE170950A700389FCB /* TGFirm.m in Sources */ = {isa = PBXBuildFile; fileRef = A4E0E4CD170950A700389FCB /* TGFirm.m */; };
		A4E0E4D21709580400389FCB /* TGDayOfWeek.m in Sources */ = {isa = PBXBuildFile; fileRef = A4E0E4D11709580400389FCB /* TGDayOfWeek.m */; };
		A4E0E4D51709593100389FCB /* TGShedule.m in Sources */ = {isa = PBXBuildFile; fileRef = A4E0E4D41709593100389FCB /* TGShedule.m */; };
		A4E0E4DA1709A59600389FCB /* CoreLocation.framework in Frameworks */ = {isa = PBXBuildFile; fileRef = A4E0E4D91709A59500389FCB /* CoreLocation.framework */; };
		ABD7F41160114F6ABEC2F586 /* libPods.a in Frameworks */ = {isa = PBXBuildFile; fileRef = 4930563015C542F5904871DC /* libPods.a */; };
/* End PBXBuildFile section */

/* Begin PBXFileReference section */
		4930563015C542F5904871DC /* libPods.a */ = {isa = PBXFileReference; explicitFileType = archive.ar; includeInIndex = 0; path = libPods.a; sourceTree = BUILT_PRODUCTS_DIR; };
		7745787E0E3641CC80F7519C /* Pods.xcconfig */ = {isa = PBXFileReference; includeInIndex = 1; lastKnownFileType = text.xcconfig; name = Pods.xcconfig; path = Pods/Pods.xcconfig; sourceTree = SOURCE_ROOT; };
		8B40661F17014E080036EA64 /* TGConfiguration.h */ = {isa = PBXFileReference; fileEncoding = 4; lastKnownFileType = sourcecode.c.h; path = TGConfiguration.h; sourceTree = "<group>"; };
		8B40662017014E080036EA64 /* TGConfiguration.m */ = {isa = PBXFileReference; fileEncoding = 4; lastKnownFileType = sourcecode.c.objc; path = TGConfiguration.m; sourceTree = "<group>"; };
		8B406627170151500036EA64 /* TGisClient.h */ = {isa = PBXFileReference; fileEncoding = 4; lastKnownFileType = sourcecode.c.h; path = TGisClient.h; sourceTree = "<group>"; };
		8B406628170151500036EA64 /* TGisClient.m */ = {isa = PBXFileReference; fileEncoding = 4; lastKnownFileType = sourcecode.c.objc; path = TGisClient.m; sourceTree = "<group>"; };
		8B40662B1701648F0036EA64 /* TGGeoObject.h */ = {isa = PBXFileReference; fileEncoding = 4; lastKnownFileType = sourcecode.c.h; path = TGGeoObject.h; sourceTree = "<group>"; };
		8B40662C1701648F0036EA64 /* TGGeoObject.m */ = {isa = PBXFileReference; fileEncoding = 4; lastKnownFileType = sourcecode.c.objc; path = TGGeoObject.m; sourceTree = "<group>"; };
		8B40662E1701668A0036EA64 /* TGGeoObjectHouse.h */ = {isa = PBXFileReference; fileEncoding = 4; lastKnownFileType = sourcecode.c.h; path = TGGeoObjectHouse.h; sourceTree = "<group>"; };
		8B40662F1701668A0036EA64 /* TGGeoObjectHouse.m */ = {isa = PBXFileReference; fileEncoding = 4; lastKnownFileType = sourcecode.c.objc; path = TGGeoObjectHouse.m; sourceTree = "<group>"; };
		8B406631170167F40036EA64 /* TGRubric.h */ = {isa = PBXFileReference; fileEncoding = 4; lastKnownFileType = sourcecode.c.h; path = TGRubric.h; sourceTree = "<group>"; };
		8B406632170167F40036EA64 /* TGRubric.m */ = {isa = PBXFileReference; fileEncoding = 4; lastKnownFileType = sourcecode.c.objc; path = TGRubric.m; sourceTree = "<group>"; };
		8B4066341701683A0036EA64 /* TGRubricCount.h */ = {isa = PBXFileReference; fileEncoding = 4; lastKnownFileType = sourcecode.c.h; path = TGRubricCount.h; sourceTree = "<group>"; };
		8B4066351701683A0036EA64 /* TGRubricCount.m */ = {isa = PBXFileReference; fileEncoding = 4; lastKnownFileType = sourcecode.c.objc; path = TGRubricCount.m; sourceTree = "<group>"; };
		8B406637170168D60036EA64 /* TGGeoObjectStreet.h */ = {isa = PBXFileReference; fileEncoding = 4; lastKnownFileType = sourcecode.c.h; path = TGGeoObjectStreet.h; sourceTree = "<group>"; };
		8B406638170168D60036EA64 /* TGGeoObjectStreet.m */ = {isa = PBXFileReference; fileEncoding = 4; lastKnownFileType = sourcecode.c.objc; path = TGGeoObjectStreet.m; sourceTree = "<group>"; };
		8B40663A170169240036EA64 /* TGGeoObjectLivingArea.h */ = {isa = PBXFileReference; fileEncoding = 4; lastKnownFileType = sourcecode.c.h; path = TGGeoObjectLivingArea.h; sourceTree = "<group>"; };
		8B40663B170169240036EA64 /* TGGeoObjectLivingArea.m */ = {isa = PBXFileReference; fileEncoding = 4; lastKnownFileType = sourcecode.c.objc; path = TGGeoObjectLivingArea.m; sourceTree = "<group>"; };
		8B40663D170169560036EA64 /* TGGeoObjectSettlement.h */ = {isa = PBXFileReference; fileEncoding = 4; lastKnownFileType = sourcecode.c.h; path = TGGeoObjectSettlement.h; sourceTree = "<group>"; };
		8B40663E170169560036EA64 /* TGGeoObjectSettlement.m */ = {isa = PBXFileReference; fileEncoding = 4; lastKnownFileType = sourcecode.c.objc; path = TGGeoObjectSettlement.m; sourceTree = "<group>"; };
		8B40664017016A0B0036EA64 /* TGGeoObjectStation.h */ = {isa = PBXFileReference; fileEncoding = 4; lastKnownFileType = sourcecode.c.h; path = TGGeoObjectStation.h; sourceTree = "<group>"; };
		8B40664117016A0B0036EA64 /* TGGeoObjectStation.m */ = {isa = PBXFileReference; fileEncoding = 4; lastKnownFileType = sourcecode.c.objc; path = TGGeoObjectStation.m; sourceTree = "<group>"; };
		8B40664317016A7F0036EA64 /* TGGeoObjectSight.h */ = {isa = PBXFileReference; fileEncoding = 4; lastKnownFileType = sourcecode.c.h; path = TGGeoObjectSight.h; sourceTree = "<group>"; };
		8B40664417016A7F0036EA64 /* TGGeoObjectSight.m */ = {isa = PBXFileReference; fileEncoding = 4; lastKnownFileType = sourcecode.c.objc; path = TGGeoObjectSight.m; sourceTree = "<group>"; };
		8BDC268D16FB14BC0008EEBB /* 2gisApi-iOS.app */ = {isa = PBXFileReference; explicitFileType = wrapper.application; includeInIndex = 0; path = "2gisApi-iOS.app"; sourceTree = BUILT_PRODUCTS_DIR; };
		8BDC269016FB14BC0008EEBB /* UIKit.framework */ = {isa = PBXFileReference; lastKnownFileType = wrapper.framework; name = UIKit.framework; path = System/Library/Frameworks/UIKit.framework; sourceTree = SDKROOT; };
		8BDC269216FB14BC0008EEBB /* Foundation.framework */ = {isa = PBXFileReference; lastKnownFileType = wrapper.framework; name = Foundation.framework; path = System/Library/Frameworks/Foundation.framework; sourceTree = SDKROOT; };
		8BDC269416FB14BC0008EEBB /* CoreGraphics.framework */ = {isa = PBXFileReference; lastKnownFileType = wrapper.framework; name = CoreGraphics.framework; path = System/Library/Frameworks/CoreGraphics.framework; sourceTree = SDKROOT; };
		8BDC269816FB14BC0008EEBB /* 2gisApi-iOS-Info.plist */ = {isa = PBXFileReference; lastKnownFileType = text.plist.xml; path = "2gisApi-iOS-Info.plist"; sourceTree = "<group>"; };
		8BDC269A16FB14BC0008EEBB /* en */ = {isa = PBXFileReference; lastKnownFileType = text.plist.strings; name = en; path = en.lproj/InfoPlist.strings; sourceTree = "<group>"; };
		8BDC269C16FB14BC0008EEBB /* main.m */ = {isa = PBXFileReference; lastKnownFileType = sourcecode.c.objc; path = main.m; sourceTree = "<group>"; };
		8BDC269E16FB14BC0008EEBB /* 2gisApi-iOS-Prefix.pch */ = {isa = PBXFileReference; lastKnownFileType = sourcecode.c.h; path = "2gisApi-iOS-Prefix.pch"; sourceTree = "<group>"; };
		8BDC26A216FB14BC0008EEBB /* Default.png */ = {isa = PBXFileReference; lastKnownFileType = image.png; path = Default.png; sourceTree = "<group>"; };
		8BDC26A416FB14BC0008EEBB /* Default@2x.png */ = {isa = PBXFileReference; lastKnownFileType = image.png; path = "Default@2x.png"; sourceTree = "<group>"; };
		8BDC26A616FB14BC0008EEBB /* Default-568h@2x.png */ = {isa = PBXFileReference; lastKnownFileType = image.png; path = "Default-568h@2x.png"; sourceTree = "<group>"; };
		8BDC26AB16FB14BC0008EEBB /* TGViewController.h */ = {isa = PBXFileReference; lastKnownFileType = sourcecode.c.h; name = TGViewController.h; path = ../TGViewController.h; sourceTree = "<group>"; };
		8BDC26AC16FB14BC0008EEBB /* TGViewController.m */ = {isa = PBXFileReference; lastKnownFileType = sourcecode.c.objc; name = TGViewController.m; path = ../TGViewController.m; sourceTree = "<group>"; };
		8BDC26B416FB188C0008EEBB /* MainStoryboard.storyboard */ = {isa = PBXFileReference; fileEncoding = 4; lastKnownFileType = file.storyboard; path = MainStoryboard.storyboard; sourceTree = "<group>"; };
		8BDC26B516FB188C0008EEBB /* TGAppDelegate.h */ = {isa = PBXFileReference; fileEncoding = 4; lastKnownFileType = sourcecode.c.h; path = TGAppDelegate.h; sourceTree = "<group>"; };
		8BDC26B616FB188C0008EEBB /* TGAppDelegate.m */ = {isa = PBXFileReference; fileEncoding = 4; lastKnownFileType = sourcecode.c.objc; path = TGAppDelegate.m; sourceTree = "<group>"; };
		A410871F170A93160052EB8F /* TGDetailViewController.h */ = {isa = PBXFileReference; fileEncoding = 4; lastKnownFileType = sourcecode.c.h; path = TGDetailViewController.h; sourceTree = "<group>"; };
		A4108720170A93160052EB8F /* TGDetailViewController.m */ = {isa = PBXFileReference; fileEncoding = 4; lastKnownFileType = sourcecode.c.objc; path = TGDetailViewController.m; sourceTree = "<group>"; };
		A4E0E4BB17040B9D00389FCB /* TGRequestParams.h */ = {isa = PBXFileReference; fileEncoding = 4; lastKnownFileType = sourcecode.c.h; path = TGRequestParams.h; sourceTree = "<group>"; };
		A4E0E4BC17040B9D00389FCB /* TGRequestParams.m */ = {isa = PBXFileReference; fileEncoding = 4; lastKnownFileType = sourcecode.c.objc; path = TGRequestParams.m; sourceTree = "<group>"; };
		A4E0E4BE1704100F00389FCB /* TGError.h */ = {isa = PBXFileReference; fileEncoding = 4; lastKnownFileType = sourcecode.c.h; path = TGError.h; sourceTree = "<group>"; };
		A4E0E4BF1704100F00389FCB /* TGError.m */ = {isa = PBXFileReference; fileEncoding = 4; lastKnownFileType = sourcecode.c.objc; path = TGError.m; sourceTree = "<group>"; };
		A4E0E4C417094F8800389FCB /* TGDetectCity.h */ = {isa = PBXFileReference; fileEncoding = 4; lastKnownFileType = sourcecode.c.h; path = TGDetectCity.h; sourceTree = "<group>"; };
		A4E0E4C517094F8800389FCB /* TGDetectCity.m */ = {isa = PBXFileReference; fileEncoding = 4; lastKnownFileType = sourcecode.c.objc; path = TGDetectCity.m; sourceTree = "<group>"; };
		A4E0E4C617094F8800389FCB /* TGLocationDetector.h */ = {isa = PBXFileReference; fileEncoding = 4; lastKnownFileType = sourcecode.c.h; path = TGLocationDetector.h; sourceTree = "<group>"; };
		A4E0E4C717094F8800389FCB /* TGLocationDetector.m */ = {isa = PBXFileReference; fileEncoding = 4; lastKnownFileType = sourcecode.c.objc; path = TGLocationDetector.m; sourceTree = "<group>"; };
		A4E0E4C817094F8800389FCB /* cities.plist */ = {isa = PBXFileReference; fileEncoding = 4; lastKnownFileType = text.plist.xml; path = cities.plist; sourceTree = "<group>"; };
		A4E0E4CC170950A700389FCB /* TGFirm.h */ = {isa = PBXFileReference; fileEncoding = 4; lastKnownFileType = sourcecode.c.h; name = TGFirm.h; path = Directory/TGFirm.h; sourceTree = "<group>"; };
		A4E0E4CD170950A700389FCB /* TGFirm.m */ = {isa = PBXFileReference; fileEncoding = 4; lastKnownFileType = sourcecode.c.objc; name = TGFirm.m; path = Directory/TGFirm.m; sourceTree = "<group>"; };
		A4E0E4D01709580400389FCB /* TGDayOfWeek.h */ = {isa = PBXFileReference; fileEncoding = 4; lastKnownFileType = sourcecode.c.h; name = TGDayOfWeek.h; path = Shedule/TGDayOfWeek.h; sourceTree = "<group>"; };
		A4E0E4D11709580400389FCB /* TGDayOfWeek.m */ = {isa = PBXFileReference; fileEncoding = 4; lastKnownFileType = sourcecode.c.objc; name = TGDayOfWeek.m; path = Shedule/TGDayOfWeek.m; sourceTree = "<group>"; };
		A4E0E4D31709593100389FCB /* TGShedule.h */ = {isa = PBXFileReference; fileEncoding = 4; lastKnownFileType = sourcecode.c.h; name = TGShedule.h; path = Shedule/TGShedule.h; sourceTree = "<group>"; };
		A4E0E4D41709593100389FCB /* TGShedule.m */ = {isa = PBXFileReference; fileEncoding = 4; lastKnownFileType = sourcecode.c.objc; name = TGShedule.m; path = Shedule/TGShedule.m; sourceTree = "<group>"; };
		A4E0E4D61709620500389FCB /* TGFromJSONProtocol.h */ = {isa = PBXFileReference; lastKnownFileType = sourcecode.c.h; path = TGFromJSONProtocol.h; sourceTree = "<group>"; };
		A4E0E4D81709A22B00389FCB /* TGApi.h */ = {isa = PBXFileReference; lastKnownFileType = sourcecode.c.h; name = TGApi.h; path = Api/TGApi.h; sourceTree = "<group>"; };
		A4E0E4D91709A59500389FCB /* CoreLocation.framework */ = {isa = PBXFileReference; lastKnownFileType = wrapper.framework; name = CoreLocation.framework; path = System/Library/Frameworks/CoreLocation.framework; sourceTree = SDKROOT; };
/* End PBXFileReference section */

/* Begin PBXFrameworksBuildPhase section */
		8BDC268A16FB14BC0008EEBB /* Frameworks */ = {
			isa = PBXFrameworksBuildPhase;
			buildActionMask = 2147483647;
			files = (
				A4E0E4DA1709A59600389FCB /* CoreLocation.framework in Frameworks */,
				8BDC269116FB14BC0008EEBB /* UIKit.framework in Frameworks */,
				8BDC269316FB14BC0008EEBB /* Foundation.framework in Frameworks */,
				8BDC269516FB14BC0008EEBB /* CoreGraphics.framework in Frameworks */,
				ABD7F41160114F6ABEC2F586 /* libPods.a in Frameworks */,
			);
			runOnlyForDeploymentPostprocessing = 0;
		};
/* End PBXFrameworksBuildPhase section */

/* Begin PBXGroup section */
		8B40661917014C340036EA64 /* Classes */ = {
			isa = PBXGroup;
			children = (
				A4E0E4D71709A21700389FCB /* Api */,
				A4E0E4CF170957DE00389FCB /* Schedule */,
				A4E0E4C317094F8700389FCB /* AutoDetectLocation */,
				A4E0E4B81704078200389FCB /* Directory */,
				8B40662A1701647C0036EA64 /* GeoObject */,
				8B406625170151360036EA64 /* TGisClient */,
				8B40661B17014D3C0036EA64 /* Configuration */,
			);
			path = Classes;
			sourceTree = "<group>";
		};
		8B40661B17014D3C0036EA64 /* Configuration */ = {
			isa = PBXGroup;
			children = (
				8B40661F17014E080036EA64 /* TGConfiguration.h */,
				8B40662017014E080036EA64 /* TGConfiguration.m */,
			);
			path = Configuration;
			sourceTree = "<group>";
		};
		8B406625170151360036EA64 /* TGisClient */ = {
			isa = PBXGroup;
			children = (
				8B406627170151500036EA64 /* TGisClient.h */,
				8B406628170151500036EA64 /* TGisClient.m */,
				A4E0E4BB17040B9D00389FCB /* TGRequestParams.h */,
				A4E0E4BC17040B9D00389FCB /* TGRequestParams.m */,
				A4E0E4BE1704100F00389FCB /* TGError.h */,
				A4E0E4BF1704100F00389FCB /* TGError.m */,
				A4E0E4D61709620500389FCB /* TGFromJSONProtocol.h */,
			);
			path = TGisClient;
			sourceTree = "<group>";
		};
		8B40662A1701647C0036EA64 /* GeoObject */ = {
			isa = PBXGroup;
			children = (
				8B406631170167F40036EA64 /* TGRubric.h */,
				8B406632170167F40036EA64 /* TGRubric.m */,
				8B4066341701683A0036EA64 /* TGRubricCount.h */,
				8B4066351701683A0036EA64 /* TGRubricCount.m */,
				8B40662B1701648F0036EA64 /* TGGeoObject.h */,
				8B40662C1701648F0036EA64 /* TGGeoObject.m */,
				8B40662E1701668A0036EA64 /* TGGeoObjectHouse.h */,
				8B40662F1701668A0036EA64 /* TGGeoObjectHouse.m */,
				8B406637170168D60036EA64 /* TGGeoObjectStreet.h */,
				8B406638170168D60036EA64 /* TGGeoObjectStreet.m */,
				8B40663A170169240036EA64 /* TGGeoObjectLivingArea.h */,
				8B40663B170169240036EA64 /* TGGeoObjectLivingArea.m */,
				8B40663D170169560036EA64 /* TGGeoObjectSettlement.h */,
				8B40663E170169560036EA64 /* TGGeoObjectSettlement.m */,
				8B40664017016A0B0036EA64 /* TGGeoObjectStation.h */,
				8B40664117016A0B0036EA64 /* TGGeoObjectStation.m */,
				8B40664317016A7F0036EA64 /* TGGeoObjectSight.h */,
				8B40664417016A7F0036EA64 /* TGGeoObjectSight.m */,
			);
			path = GeoObject;
			sourceTree = "<group>";
		};
		8BDC268416FB14BC0008EEBB = {
			isa = PBXGroup;
			children = (
				A4E0E4D91709A59500389FCB /* CoreLocation.framework */,
				8BDC269616FB14BC0008EEBB /* 2gisApi-iOS */,
				8BDC268F16FB14BC0008EEBB /* Frameworks */,
				8BDC268E16FB14BC0008EEBB /* Products */,
				7745787E0E3641CC80F7519C /* Pods.xcconfig */,
			);
			sourceTree = "<group>";
		};
		8BDC268E16FB14BC0008EEBB /* Products */ = {
			isa = PBXGroup;
			children = (
				8BDC268D16FB14BC0008EEBB /* 2gisApi-iOS.app */,
			);
			name = Products;
			sourceTree = "<group>";
		};
		8BDC268F16FB14BC0008EEBB /* Frameworks */ = {
			isa = PBXGroup;
			children = (
				8BDC269016FB14BC0008EEBB /* UIKit.framework */,
				8BDC269216FB14BC0008EEBB /* Foundation.framework */,
				8BDC269416FB14BC0008EEBB /* CoreGraphics.framework */,
				4930563015C542F5904871DC /* libPods.a */,
			);
			name = Frameworks;
			sourceTree = "<group>";
		};
		8BDC269616FB14BC0008EEBB /* 2gisApi-iOS */ = {
			isa = PBXGroup;
			children = (
				8B40661917014C340036EA64 /* Classes */,
				8BDC26B316FB188C0008EEBB /* Application */,
				8BDC269716FB14BC0008EEBB /* Supporting Files */,
			);
			path = "2gisApi-iOS";
			sourceTree = "<group>";
		};
		8BDC269716FB14BC0008EEBB /* Supporting Files */ = {
			isa = PBXGroup;
			children = (
				8BDC269816FB14BC0008EEBB /* 2gisApi-iOS-Info.plist */,
				8BDC269916FB14BC0008EEBB /* InfoPlist.strings */,
				8BDC269C16FB14BC0008EEBB /* main.m */,
				8BDC269E16FB14BC0008EEBB /* 2gisApi-iOS-Prefix.pch */,
				8BDC26A216FB14BC0008EEBB /* Default.png */,
				8BDC26A416FB14BC0008EEBB /* Default@2x.png */,
				8BDC26A616FB14BC0008EEBB /* Default-568h@2x.png */,
			);
			name = "Supporting Files";
			sourceTree = "<group>";
		};
		8BDC26B316FB188C0008EEBB /* Application */ = {
			isa = PBXGroup;
			children = (
				8BDC26AB16FB14BC0008EEBB /* TGViewController.h */,
				8BDC26AC16FB14BC0008EEBB /* TGViewController.m */,
				8BDC26B416FB188C0008EEBB /* MainStoryboard.storyboard */,
				8BDC26B516FB188C0008EEBB /* TGAppDelegate.h */,
				8BDC26B616FB188C0008EEBB /* TGAppDelegate.m */,
				A410871F170A93160052EB8F /* TGDetailViewController.h */,
				A4108720170A93160052EB8F /* TGDetailViewController.m */,
			);
			path = Application;
			sourceTree = "<group>";
		};
		A4E0E4B81704078200389FCB /* Directory */ = {
			isa = PBXGroup;
			children = (
				A4E0E4CC170950A700389FCB /* TGFirm.h */,
				A4E0E4CD170950A700389FCB /* TGFirm.m */,
			);
			name = Directory;
			sourceTree = "<group>";
		};
		A4E0E4C317094F8700389FCB /* AutoDetectLocation */ = {
			isa = PBXGroup;
			children = (
				A4E0E4C417094F8800389FCB /* TGDetectCity.h */,
				A4E0E4C517094F8800389FCB /* TGDetectCity.m */,
				A4E0E4C617094F8800389FCB /* TGLocationDetector.h */,
				A4E0E4C717094F8800389FCB /* TGLocationDetector.m */,
				A4E0E4C817094F8800389FCB /* cities.plist */,
			);
			path = AutoDetectLocation;
			sourceTree = "<group>";
		};
		A4E0E4CF170957DE00389FCB /* Schedule */ = {
			isa = PBXGroup;
			children = (
				A4E0E4D01709580400389FCB /* TGDayOfWeek.h */,
				A4E0E4D11709580400389FCB /* TGDayOfWeek.m */,
				A4E0E4D31709593100389FCB /* TGShedule.h */,
				A4E0E4D41709593100389FCB /* TGShedule.m */,
			);
			name = Schedule;
			sourceTree = "<group>";
		};
		A4E0E4D71709A21700389FCB /* Api */ = {
			isa = PBXGroup;
			children = (
				A4E0E4D81709A22B00389FCB /* TGApi.h */,
			);
			name = Api;
			sourceTree = "<group>";
		};
/* End PBXGroup section */

/* Begin PBXNativeTarget section */
		8BDC268C16FB14BC0008EEBB /* 2gisApi-iOS */ = {
			isa = PBXNativeTarget;
			buildConfigurationList = 8BDC26B016FB14BC0008EEBB /* Build configuration list for PBXNativeTarget "2gisApi-iOS" */;
			buildPhases = (
				8BDC268916FB14BC0008EEBB /* Sources */,
				8BDC268A16FB14BC0008EEBB /* Frameworks */,
				8BDC268B16FB14BC0008EEBB /* Resources */,
				C0155F2C837247D8B23C825F /* Copy Pods Resources */,
			);
			buildRules = (
			);
			dependencies = (
			);
			name = "2gisApi-iOS";
			productName = "2gisApi-iOS";
			productReference = 8BDC268D16FB14BC0008EEBB /* 2gisApi-iOS.app */;
			productType = "com.apple.product-type.application";
		};
/* End PBXNativeTarget section */

/* Begin PBXProject section */
		8BDC268516FB14BC0008EEBB /* Project object */ = {
			isa = PBXProject;
			attributes = {
				CLASSPREFIX = TG;
				LastUpgradeCheck = 0460;
				ORGANIZATIONNAME = crtweb;
			};
			buildConfigurationList = 8BDC268816FB14BC0008EEBB /* Build configuration list for PBXProject "2gisApi-iOS" */;
			compatibilityVersion = "Xcode 3.2";
			developmentRegion = English;
			hasScannedForEncodings = 0;
			knownRegions = (
				en,
			);
			mainGroup = 8BDC268416FB14BC0008EEBB;
			productRefGroup = 8BDC268E16FB14BC0008EEBB /* Products */;
			projectDirPath = "";
			projectRoot = "";
			targets = (
				8BDC268C16FB14BC0008EEBB /* 2gisApi-iOS */,
			);
		};
/* End PBXProject section */

/* Begin PBXResourcesBuildPhase section */
		8BDC268B16FB14BC0008EEBB /* Resources */ = {
			isa = PBXResourcesBuildPhase;
			buildActionMask = 2147483647;
			files = (
				8BDC269B16FB14BC0008EEBB /* InfoPlist.strings in Resources */,
				8BDC26A316FB14BC0008EEBB /* Default.png in Resources */,
				8BDC26A516FB14BC0008EEBB /* Default@2x.png in Resources */,
				8BDC26A716FB14BC0008EEBB /* Default-568h@2x.png in Resources */,
				8BDC26B716FB188C0008EEBB /* MainStoryboard.storyboard in Resources */,
				A4E0E4CB17094F8800389FCB /* cities.plist in Resources */,
			);
			runOnlyForDeploymentPostprocessing = 0;
		};
/* End PBXResourcesBuildPhase section */

/* Begin PBXShellScriptBuildPhase section */
		C0155F2C837247D8B23C825F /* Copy Pods Resources */ = {
			isa = PBXShellScriptBuildPhase;
			buildActionMask = 2147483647;
			files = (
			);
			inputPaths = (
			);
			name = "Copy Pods Resources";
			outputPaths = (
			);
			runOnlyForDeploymentPostprocessing = 0;
			shellPath = /bin/sh;
			shellScript = "\"${SRCROOT}/Pods/Pods-resources.sh\"\n";
		};
/* End PBXShellScriptBuildPhase section */

/* Begin PBXSourcesBuildPhase section */
		8BDC268916FB14BC0008EEBB /* Sources */ = {
			isa = PBXSourcesBuildPhase;
			buildActionMask = 2147483647;
			files = (
				8BDC269D16FB14BC0008EEBB /* main.m in Sources */,
				8BDC26AD16FB14BC0008EEBB /* TGViewController.m in Sources */,
				8BDC26B816FB188C0008EEBB /* TGAppDelegate.m in Sources */,
				8B40662117014E080036EA64 /* TGConfiguration.m in Sources */,
				8B406629170151500036EA64 /* TGisClient.m in Sources */,
				8B40662D1701648F0036EA64 /* TGGeoObject.m in Sources */,
				8B4066301701668A0036EA64 /* TGGeoObjectHouse.m in Sources */,
				8B406633170167F40036EA64 /* TGRubric.m in Sources */,
				8B4066361701683A0036EA64 /* TGRubricCount.m in Sources */,
				8B406639170168D70036EA64 /* TGGeoObjectStreet.m in Sources */,
				8B40663C170169250036EA64 /* TGGeoObjectLivingArea.m in Sources */,
				8B40663F170169570036EA64 /* TGGeoObjectSettlement.m in Sources */,
				8B40664217016A0C0036EA64 /* TGGeoObjectStation.m in Sources */,
				8B40664517016A800036EA64 /* TGGeoObjectSight.m in Sources */,
				A4E0E4BD17040B9D00389FCB /* TGRequestParams.m in Sources */,
				A4E0E4C01704100F00389FCB /* TGError.m in Sources */,
				A4E0E4C917094F8800389FCB /* TGDetectCity.m in Sources */,
				A4E0E4CA17094F8800389FCB /* TGLocationDetector.m in Sources */,
				A4E0E4CE170950A700389FCB /* TGFirm.m in Sources */,
				A4E0E4D21709580400389FCB /* TGDayOfWeek.m in Sources */,
				A4E0E4D51709593100389FCB /* TGShedule.m in Sources */,
				A4108721170A93160052EB8F /* TGDetailViewController.m in Sources */,
			);
			runOnlyForDeploymentPostprocessing = 0;
		};
/* End PBXSourcesBuildPhase section */

/* Begin PBXVariantGroup section */
		8BDC269916FB14BC0008EEBB /* InfoPlist.strings */ = {
			isa = PBXVariantGroup;
			children = (
				8BDC269A16FB14BC0008EEBB /* en */,
			);
			name = InfoPlist.strings;
			sourceTree = "<group>";
		};
/* End PBXVariantGroup section */

/* Begin XCBuildConfiguration section */
		8BDC26AE16FB14BC0008EEBB /* Debug */ = {
			isa = XCBuildConfiguration;
			buildSettings = {
				ALWAYS_SEARCH_USER_PATHS = NO;
				CLANG_CXX_LANGUAGE_STANDARD = "gnu++0x";
				CLANG_CXX_LIBRARY = "libc++";
				CLANG_ENABLE_OBJC_ARC = YES;
				CLANG_WARN_CONSTANT_CONVERSION = YES;
				CLANG_WARN_EMPTY_BODY = YES;
				CLANG_WARN_ENUM_CONVERSION = YES;
				CLANG_WARN_INT_CONVERSION = YES;
				CLANG_WARN__DUPLICATE_METHOD_MATCH = YES;
				"CODE_SIGN_IDENTITY[sdk=iphoneos*]" = "iPhone Developer";
				COPY_PHASE_STRIP = NO;
				GCC_C_LANGUAGE_STANDARD = gnu99;
				GCC_DYNAMIC_NO_PIC = NO;
				GCC_OPTIMIZATION_LEVEL = 0;
				GCC_PREPROCESSOR_DEFINITIONS = (
					"DEBUG=1",
					"$(inherited)",
				);
				GCC_SYMBOLS_PRIVATE_EXTERN = NO;
				GCC_WARN_ABOUT_RETURN_TYPE = YES;
				GCC_WARN_UNINITIALIZED_AUTOS = YES;
				GCC_WARN_UNUSED_VARIABLE = YES;
				IPHONEOS_DEPLOYMENT_TARGET = 6.1;
				ONLY_ACTIVE_ARCH = YES;
				SDKROOT = iphoneos;
			};
			name = Debug;
		};
		8BDC26AF16FB14BC0008EEBB /* Release */ = {
			isa = XCBuildConfiguration;
			buildSettings = {
				ALWAYS_SEARCH_USER_PATHS = NO;
				CLANG_CXX_LANGUAGE_STANDARD = "gnu++0x";
				CLANG_CXX_LIBRARY = "libc++";
				CLANG_ENABLE_OBJC_ARC = YES;
				CLANG_WARN_CONSTANT_CONVERSION = YES;
				CLANG_WARN_EMPTY_BODY = YES;
				CLANG_WARN_ENUM_CONVERSION = YES;
				CLANG_WARN_INT_CONVERSION = YES;
				CLANG_WARN__DUPLICATE_METHOD_MATCH = YES;
				"CODE_SIGN_IDENTITY[sdk=iphoneos*]" = "iPhone Developer";
				COPY_PHASE_STRIP = YES;
				GCC_C_LANGUAGE_STANDARD = gnu99;
				GCC_WARN_ABOUT_RETURN_TYPE = YES;
				GCC_WARN_UNINITIALIZED_AUTOS = YES;
				GCC_WARN_UNUSED_VARIABLE = YES;
				IPHONEOS_DEPLOYMENT_TARGET = 6.1;
				OTHER_CFLAGS = "-DNS_BLOCK_ASSERTIONS=1";
				SDKROOT = iphoneos;
				VALIDATE_PRODUCT = YES;
			};
			name = Release;
		};
		8BDC26B116FB14BC0008EEBB /* Debug */ = {
			isa = XCBuildConfiguration;
			baseConfigurationReference = 7745787E0E3641CC80F7519C /* Pods.xcconfig */;
			buildSettings = {
				GCC_PRECOMPILE_PREFIX_HEADER = YES;
				GCC_PREFIX_HEADER = "2gisApi-iOS/2gisApi-iOS-Prefix.pch";
				INFOPLIST_FILE = "2gisApi-iOS/2gisApi-iOS-Info.plist";
				PRODUCT_NAME = "$(TARGET_NAME)";
				WRAPPER_EXTENSION = app;
			};
			name = Debug;
		};
		8BDC26B216FB14BC0008EEBB /* Release */ = {
			isa = XCBuildConfiguration;
			baseConfigurationReference = 7745787E0E3641CC80F7519C /* Pods.xcconfig */;
			buildSettings = {
				GCC_PRECOMPILE_PREFIX_HEADER = YES;
				GCC_PREFIX_HEADER = "2gisApi-iOS/2gisApi-iOS-Prefix.pch";
				INFOPLIST_FILE = "2gisApi-iOS/2gisApi-iOS-Info.plist";
				PRODUCT_NAME = "$(TARGET_NAME)";
				WRAPPER_EXTENSION = app;
			};
			name = Release;
		};
/* End XCBuildConfiguration section */

/* Begin XCConfigurationList section */
		8BDC268816FB14BC0008EEBB /* Build configuration list for PBXProject "2gisApi-iOS" */ = {
			isa = XCConfigurationList;
			buildConfigurations = (
				8BDC26AE16FB14BC0008EEBB /* Debug */,
				8BDC26AF16FB14BC0008EEBB /* Release */,
			);
			defaultConfigurationIsVisible = 0;
			defaultConfigurationName = Release;
		};
		8BDC26B016FB14BC0008EEBB /* Build configuration list for PBXNativeTarget "2gisApi-iOS" */ = {
			isa = XCConfigurationList;
			buildConfigurations = (
				8BDC26B116FB14BC0008EEBB /* Debug */,
				8BDC26B216FB14BC0008EEBB /* Release */,
			);
			defaultConfigurationIsVisible = 0;
			defaultConfigurationName = Release;
		};
/* End XCConfigurationList section */
	};
	rootObject = 8BDC268516FB14BC0008EEBB /* Project object */;
}
